
Microsoft Visual Studio Solution File, Format Version 12.00
# Visual Studio 14
VisualStudioVersion = 14.0.24720.0
MinimumVisualStudioVersion = 10.0.40219.1
Project("{FAE04EC0-301F-11D3-BF4B-00C04F79EFBC}") = "IPC.Common", "IPC.Common\IPC.Common.csproj", "{277DE474-DFF4-4639-9ED7-37D485B6EEFE}"
EndProject
Project("{FAE04EC0-301F-11D3-BF4B-00C04F79EFBC}") = "IPC.Master", "IPC.Master\IPC.Master.csproj", "{1A515C55-1FC1-4ACE-929D-076A44F2AA33}"
EndProject
Project("{FAE04EC0-301F-11D3-BF4B-00C04F79EFBC}") = "IPC.Client", "IPC.Client\IPC.Client.csproj", "{18FA4699-88C1-430B-AA7E-410C44797336}"
EndProject
Project("{FAE04EC0-301F-11D3-BF4B-00C04F79EFBC}") = "IPC.Main", "IPC.Main\IPC.Main.csproj", "{A1BDC72D-44FE-4EBE-9CB3-F7F6E3657118}"
EndProject
Global
	GlobalSection(SolutionConfigurationPlatforms) = preSolution
		Debug|Any CPU = Debug|Any CPU
		Release|Any CPU = Release|Any CPU
	EndGlobalSection
	GlobalSection(ProjectConfigurationPlatforms) = postSolution
		{277DE474-DFF4-4639-9ED7-37D485B6EEFE}.Debug|Any CPU.ActiveCfg = Debug|Any CPU
		{277DE474-DFF4-4639-9ED7-37D485B6EEFE}.Debug|Any CPU.Build.0 = Debug|Any CPU
		{277DE474-DFF4-4639-9ED7-37D485B6EEFE}.Release|Any CPU.ActiveCfg = Release|Any CPU
		{277DE474-DFF4-4639-9ED7-37D485B6EEFE}.Release|Any CPU.Build.0 = Release|Any CPU
		{1A515C55-1FC1-4ACE-929D-076A44F2AA33}.Debug|Any CPU.ActiveCfg = Debug|Any CPU
		{1A515C55-1FC1-4ACE-929D-076A44F2AA33}.Debug|Any CPU.Build.0 = Debug|Any CPU
		{1A515C55-1FC1-4ACE-929D-076A44F2AA33}.Release|Any CPU.ActiveCfg = Release|Any CPU
		{1A515C55-1FC1-4ACE-929D-076A44F2AA33}.Release|Any CPU.Build.0 = Release|Any CPU
		{18FA4699-88C1-430B-AA7E-410C44797336}.Debug|Any CPU.ActiveCfg = Debug|Any CPU
		{18FA4699-88C1-430B-AA7E-410C44797336}.Debug|Any CPU.Build.0 = Debug|Any CPU
		{18FA4699-88C1-430B-AA7E-410C44797336}.Release|Any CPU.ActiveCfg = Release|Any CPU
		{18FA4699-88C1-430B-AA7E-410C44797336}.Release|Any CPU.Build.0 = Release|Any CPU
		{A1BDC72D-44FE-4EBE-9CB3-F7F6E3657118}.Debug|Any CPU.ActiveCfg = Debug|Any CPU
		{A1BDC72D-44FE-4EBE-9CB3-F7F6E3657118}.Debug|Any CPU.Build.0 = Debug|Any CPU
		{A1BDC72D-44FE-4EBE-9CB3-F7F6E3657118}.Release|Any CPU.ActiveCfg = Release|Any CPU
		{A1BDC72D-44FE-4EBE-9CB3-F7F6E3657118}.Release|Any CPU.Build.0 = Release|Any CPU
	EndGlobalSection
	GlobalSection(SolutionProperties) = preSolution
		HideSolutionNode = FALSE
	EndGlobalSection
EndGlobal
